
Microsoft Visual Studio Solution File, Format Version 12.00
# Visual Studio Version 17
VisualStudioVersion = 17.8.34309.116
MinimumVisualStudioVersion = 10.0.40219.1
Project("{2150E333-8FDC-42A3-9474-1A3956D46DE8}") = "src", "src", "{811C3347-E455-44F0-9A51-E2107E36065B}"
EndProject
Project("{2150E333-8FDC-42A3-9474-1A3956D46DE8}") = "tests", "tests", "{D869BE49-F152-44DA-8BEC-474AEA6A5D3C}"
EndProject
Project("{2150E333-8FDC-42A3-9474-1A3956D46DE8}") = "server", "server", "{90606775-CFC7-40CF-9E21-537A007E2856}"
EndProject
Project("{2150E333-8FDC-42A3-9474-1A3956D46DE8}") = "client", "client", "{198C53BB-475B-4750-B0AD-E52693392B2B}"
EndProject
Project("{9A19103F-16F7-4668-BE54-9A1E7A4F7556}") = "MarthasLibrary.Core", "server\src\MarthasLibrary.Core\MarthasLibrary.Core.csproj", "{074BB08B-B913-4B12-B168-432CCCABB40F}"
EndProject
Project("{9A19103F-16F7-4668-BE54-9A1E7A4F7556}") = "MarthasLibrary.Infrastructure", "server\src\MarthasLibrary.Infrastructure\MarthasLibrary.Infrastructure.csproj", "{50B7A13E-D039-48AC-9A70-177869F0BA5B}"
EndProject
Project("{9A19103F-16F7-4668-BE54-9A1E7A4F7556}") = "MarthasLibrary.API", "server\src\MarthasLibrary.API\MarthasLibrary.API.csproj", "{E91E412D-40CA-45B4-A878-8A3BB4D12C35}"
EndProject
Project("{9A19103F-16F7-4668-BE54-9A1E7A4F7556}") = "MarthasLibrary.Application", "server\src\MarthasLibrary.Application\MarthasLibrary.Application.csproj", "{DB9812E2-011C-49F1-8EEC-4DB0198FE37B}"
EndProject
Project("{9A19103F-16F7-4668-BE54-9A1E7A4F7556}") = "MarthasLibrary.IntegrationTests", "server\tests\MarthasLibrary.IntegrationTests\MarthasLibrary.IntegrationTests.csproj", "{E193CCBA-FA6B-4E02-94DF-EF1FC83D34EB}"
EndProject
Project("{9A19103F-16F7-4668-BE54-9A1E7A4F7556}") = "MarthasLibrary.UnitTests", "server\tests\MarthasLibrary.UnitTests\MarthasLibrary.UnitTests.csproj", "{912257D6-5C47-4839-B294-2732B0A0A060}"
EndProject
Project("{9A19103F-16F7-4668-BE54-9A1E7A4F7556}") = "MarthasLibrary.Tests.Common", "server\tests\MarthasLibrary.Tests.Common\MarthasLibrary.Tests.Common.csproj", "{FECEF76D-745E-4B1C-82C0-EA82171508D9}"
EndProject
Project("{9A19103F-16F7-4668-BE54-9A1E7A4F7556}") = "MarthasLibrary.APIClient", "server\src\MarthasLibrary.APIClient\MarthasLibrary.APIClient.csproj", "{F4BEB6B6-C257-44E6-86D1-A3A81D67AF55}"
EndProject
Project("{9A19103F-16F7-4668-BE54-9A1E7A4F7556}") = "MarthasLibrary.Common", "server\src\MarthasLibrary.Common\MarthasLibrary.Common.csproj", "{853717A4-88C0-4C19-B3AF-45E3D642128F}"
EndProject
Project("{9A19103F-16F7-4668-BE54-9A1E7A4F7556}") = "MarthasLibrary.IdentityServer", "server\src\MarthasLibrary.IdentityServer\MarthasLibrary.IdentityServer.csproj", "{BF470C42-62D5-4307-8EE7-B5027177DE42}"
EndProject
Global
	GlobalSection(SolutionConfigurationPlatforms) = preSolution
		Debug|Any CPU = Debug|Any CPU
		Release|Any CPU = Release|Any CPU
	EndGlobalSection
	GlobalSection(ProjectConfigurationPlatforms) = postSolution
		{074BB08B-B913-4B12-B168-432CCCABB40F}.Debug|Any CPU.ActiveCfg = Debug|Any CPU
		{074BB08B-B913-4B12-B168-432CCCABB40F}.Debug|Any CPU.Build.0 = Debug|Any CPU
		{074BB08B-B913-4B12-B168-432CCCABB40F}.Release|Any CPU.ActiveCfg = Release|Any CPU
		{074BB08B-B913-4B12-B168-432CCCABB40F}.Release|Any CPU.Build.0 = Release|Any CPU
		{50B7A13E-D039-48AC-9A70-177869F0BA5B}.Debug|Any CPU.ActiveCfg = Debug|Any CPU
		{50B7A13E-D039-48AC-9A70-177869F0BA5B}.Debug|Any CPU.Build.0 = Debug|Any CPU
		{50B7A13E-D039-48AC-9A70-177869F0BA5B}.Release|Any CPU.ActiveCfg = Release|Any CPU
		{50B7A13E-D039-48AC-9A70-177869F0BA5B}.Release|Any CPU.Build.0 = Release|Any CPU
		{E91E412D-40CA-45B4-A878-8A3BB4D12C35}.Debug|Any CPU.ActiveCfg = Debug|Any CPU
		{E91E412D-40CA-45B4-A878-8A3BB4D12C35}.Debug|Any CPU.Build.0 = Debug|Any CPU
		{E91E412D-40CA-45B4-A878-8A3BB4D12C35}.Release|Any CPU.ActiveCfg = Release|Any CPU
		{E91E412D-40CA-45B4-A878-8A3BB4D12C35}.Release|Any CPU.Build.0 = Release|Any CPU
		{DB9812E2-011C-49F1-8EEC-4DB0198FE37B}.Debug|Any CPU.ActiveCfg = Debug|Any CPU
		{DB9812E2-011C-49F1-8EEC-4DB0198FE37B}.Debug|Any CPU.Build.0 = Debug|Any CPU
		{DB9812E2-011C-49F1-8EEC-4DB0198FE37B}.Release|Any CPU.ActiveCfg = Release|Any CPU
		{DB9812E2-011C-49F1-8EEC-4DB0198FE37B}.Release|Any CPU.Build.0 = Release|Any CPU
		{E193CCBA-FA6B-4E02-94DF-EF1FC83D34EB}.Debug|Any CPU.ActiveCfg = Debug|Any CPU
		{E193CCBA-FA6B-4E02-94DF-EF1FC83D34EB}.Debug|Any CPU.Build.0 = Debug|Any CPU
		{E193CCBA-FA6B-4E02-94DF-EF1FC83D34EB}.Release|Any CPU.ActiveCfg = Release|Any CPU
		{E193CCBA-FA6B-4E02-94DF-EF1FC83D34EB}.Release|Any CPU.Build.0 = Release|Any CPU
		{912257D6-5C47-4839-B294-2732B0A0A060}.Debug|Any CPU.ActiveCfg = Debug|Any CPU
		{912257D6-5C47-4839-B294-2732B0A0A060}.Debug|Any CPU.Build.0 = Debug|Any CPU
		{912257D6-5C47-4839-B294-2732B0A0A060}.Release|Any CPU.ActiveCfg = Release|Any CPU
		{912257D6-5C47-4839-B294-2732B0A0A060}.Release|Any CPU.Build.0 = Release|Any CPU
		{FECEF76D-745E-4B1C-82C0-EA82171508D9}.Debug|Any CPU.ActiveCfg = Debug|Any CPU
		{FECEF76D-745E-4B1C-82C0-EA82171508D9}.Debug|Any CPU.Build.0 = Debug|Any CPU
		{FECEF76D-745E-4B1C-82C0-EA82171508D9}.Release|Any CPU.ActiveCfg = Release|Any CPU
		{FECEF76D-745E-4B1C-82C0-EA82171508D9}.Release|Any CPU.Build.0 = Release|Any CPU
		{F4BEB6B6-C257-44E6-86D1-A3A81D67AF55}.Debug|Any CPU.ActiveCfg = Debug|Any CPU
		{F4BEB6B6-C257-44E6-86D1-A3A81D67AF55}.Debug|Any CPU.Build.0 = Debug|Any CPU
		{F4BEB6B6-C257-44E6-86D1-A3A81D67AF55}.Release|Any CPU.ActiveCfg = Release|Any CPU
		{F4BEB6B6-C257-44E6-86D1-A3A81D67AF55}.Release|Any CPU.Build.0 = Release|Any CPU
		{853717A4-88C0-4C19-B3AF-45E3D642128F}.Debug|Any CPU.ActiveCfg = Debug|Any CPU
		{853717A4-88C0-4C19-B3AF-45E3D642128F}.Debug|Any CPU.Build.0 = Debug|Any CPU
		{853717A4-88C0-4C19-B3AF-45E3D642128F}.Release|Any CPU.ActiveCfg = Release|Any CPU
		{853717A4-88C0-4C19-B3AF-45E3D642128F}.Release|Any CPU.Build.0 = Release|Any CPU
		{BF470C42-62D5-4307-8EE7-B5027177DE42}.Debug|Any CPU.ActiveCfg = Debug|Any CPU
		{BF470C42-62D5-4307-8EE7-B5027177DE42}.Debug|Any CPU.Build.0 = Debug|Any CPU
		{BF470C42-62D5-4307-8EE7-B5027177DE42}.Release|Any CPU.ActiveCfg = Release|Any CPU
		{BF470C42-62D5-4307-8EE7-B5027177DE42}.Release|Any CPU.Build.0 = Release|Any CPU
	EndGlobalSection
	GlobalSection(SolutionProperties) = preSolution
		HideSolutionNode = FALSE
	EndGlobalSection
	GlobalSection(NestedProjects) = preSolution
		{811C3347-E455-44F0-9A51-E2107E36065B} = {90606775-CFC7-40CF-9E21-537A007E2856}
		{D869BE49-F152-44DA-8BEC-474AEA6A5D3C} = {90606775-CFC7-40CF-9E21-537A007E2856}
		{074BB08B-B913-4B12-B168-432CCCABB40F} = {811C3347-E455-44F0-9A51-E2107E36065B}
		{50B7A13E-D039-48AC-9A70-177869F0BA5B} = {811C3347-E455-44F0-9A51-E2107E36065B}
		{E91E412D-40CA-45B4-A878-8A3BB4D12C35} = {811C3347-E455-44F0-9A51-E2107E36065B}
		{DB9812E2-011C-49F1-8EEC-4DB0198FE37B} = {811C3347-E455-44F0-9A51-E2107E36065B}
		{E193CCBA-FA6B-4E02-94DF-EF1FC83D34EB} = {D869BE49-F152-44DA-8BEC-474AEA6A5D3C}
		{912257D6-5C47-4839-B294-2732B0A0A060} = {D869BE49-F152-44DA-8BEC-474AEA6A5D3C}
		{FECEF76D-745E-4B1C-82C0-EA82171508D9} = {D869BE49-F152-44DA-8BEC-474AEA6A5D3C}
		{F4BEB6B6-C257-44E6-86D1-A3A81D67AF55} = {811C3347-E455-44F0-9A51-E2107E36065B}
		{853717A4-88C0-4C19-B3AF-45E3D642128F} = {811C3347-E455-44F0-9A51-E2107E36065B}
		{BF470C42-62D5-4307-8EE7-B5027177DE42} = {811C3347-E455-44F0-9A51-E2107E36065B}
	EndGlobalSection
	GlobalSection(ExtensibilityGlobals) = postSolution
		SolutionGuid = {0AACB0B4-A937-497A-A4E7-E2F8E7214A3F}
	EndGlobalSection
EndGlobal
